
Microsoft Visual Studio Solution File, Format Version 12.00
# Visual Studio Version 16
VisualStudioVersion = 16.0.31424.327
MinimumVisualStudioVersion = 10.0.40219.1
Project("{FAE04EC0-301F-11D3-BF4B-00C04F79EFBC}") = "LabNet2021.Tp4.EF.UI", "LabNet2021.Tp4.EF.UI\LabNet2021.Tp4.EF.UI.csproj", "{1B797215-BC0F-4714-B697-52A2C5FE9DC9}"
EndProject
Project("{FAE04EC0-301F-11D3-BF4B-00C04F79EFBC}") = "LabNet2021.Tp4.EF.Logic", "LabNet2021.Tp4.EF.Logic\LabNet2021.Tp4.EF.Logic.csproj", "{AE55932E-AE3E-4424-A7FD-73B014C8290B}"
EndProject
Project("{FAE04EC0-301F-11D3-BF4B-00C04F79EFBC}") = "LabNet2021.Tp4.EF.Data", "LabNet2021.Tp4.EF.Data\LabNet2021.Tp4.EF.Data.csproj", "{13E9EED6-61AA-4259-B47B-B14BDDAEB55A}"
EndProject
Project("{FAE04EC0-301F-11D3-BF4B-00C04F79EFBC}") = "LabNet2021.Tp4.EF.Entities", "LabNet2021.Tp4.EF.Entities\LabNet2021.Tp4.EF.Entities.csproj", "{8B77F097-5200-497D-BF84-1C18AB3E733D}"
EndProject
Global
	GlobalSection(SolutionConfigurationPlatforms) = preSolution
		Debug|Any CPU = Debug|Any CPU
		Release|Any CPU = Release|Any CPU
	EndGlobalSection
	GlobalSection(ProjectConfigurationPlatforms) = postSolution
		{1B797215-BC0F-4714-B697-52A2C5FE9DC9}.Debug|Any CPU.ActiveCfg = Debug|Any CPU
		{1B797215-BC0F-4714-B697-52A2C5FE9DC9}.Debug|Any CPU.Build.0 = Debug|Any CPU
		{1B797215-BC0F-4714-B697-52A2C5FE9DC9}.Release|Any CPU.ActiveCfg = Release|Any CPU
		{1B797215-BC0F-4714-B697-52A2C5FE9DC9}.Release|Any CPU.Build.0 = Release|Any CPU
		{AE55932E-AE3E-4424-A7FD-73B014C8290B}.Debug|Any CPU.ActiveCfg = Debug|Any CPU
		{AE55932E-AE3E-4424-A7FD-73B014C8290B}.Debug|Any CPU.Build.0 = Debug|Any CPU
		{AE55932E-AE3E-4424-A7FD-73B014C8290B}.Release|Any CPU.ActiveCfg = Release|Any CPU
		{AE55932E-AE3E-4424-A7FD-73B014C8290B}.Release|Any CPU.Build.0 = Release|Any CPU
		{13E9EED6-61AA-4259-B47B-B14BDDAEB55A}.Debug|Any CPU.ActiveCfg = Debug|Any CPU
		{13E9EED6-61AA-4259-B47B-B14BDDAEB55A}.Debug|Any CPU.Build.0 = Debug|Any CPU
		{13E9EED6-61AA-4259-B47B-B14BDDAEB55A}.Release|Any CPU.ActiveCfg = Release|Any CPU
		{13E9EED6-61AA-4259-B47B-B14BDDAEB55A}.Release|Any CPU.Build.0 = Release|Any CPU
		{8B77F097-5200-497D-BF84-1C18AB3E733D}.Debug|Any CPU.ActiveCfg = Debug|Any CPU
		{8B77F097-5200-497D-BF84-1C18AB3E733D}.Debug|Any CPU.Build.0 = Debug|Any CPU
		{8B77F097-5200-497D-BF84-1C18AB3E733D}.Release|Any CPU.ActiveCfg = Release|Any CPU
		{8B77F097-5200-497D-BF84-1C18AB3E733D}.Release|Any CPU.Build.0 = Release|Any CPU
	EndGlobalSection
	GlobalSection(SolutionProperties) = preSolution
		HideSolutionNode = FALSE
	EndGlobalSection
	GlobalSection(ExtensibilityGlobals) = postSolution
		SolutionGuid = {FB3881AC-3853-435A-9FEE-D4F7411E8C58}
	EndGlobalSection
EndGlobal
